
Microsoft Visual Studio Solution File, Format Version 12.00
# Visual Studio Version 17
VisualStudioVersion = 17.13.35825.156 d17.13
MinimumVisualStudioVersion = 10.0.40219.1
Project("{FAE04EC0-301F-11D3-BF4B-00C04F79EFBC}") = "Lesson9_10", "Lesson9_10\Lesson9_10.csproj", "{DBA2457D-D4AA-4C7E-9B2D-797A1E2320D8}"
EndProject
Global
	GlobalSection(SolutionConfigurationPlatforms) = preSolution
		Debug|Any CPU = Debug|Any CPU
		Release|Any CPU = Release|Any CPU
	EndGlobalSection
	GlobalSection(ProjectConfigurationPlatforms) = postSolution
		{DBA2457D-D4AA-4C7E-9B2D-797A1E2320D8}.Debug|Any CPU.ActiveCfg = Debug|Any CPU
		{DBA2457D-D4AA-4C7E-9B2D-797A1E2320D8}.Debug|Any CPU.Build.0 = Debug|Any CPU
		{DBA2457D-D4AA-4C7E-9B2D-797A1E2320D8}.Release|Any CPU.ActiveCfg = Release|Any CPU
		{DBA2457D-D4AA-4C7E-9B2D-797A1E2320D8}.Release|Any CPU.Build.0 = Release|Any CPU
	EndGlobalSection
	GlobalSection(SolutionProperties) = preSolution
		HideSolutionNode = FALSE
	EndGlobalSection
	GlobalSection(ExtensibilityGlobals) = postSolution
		SolutionGuid = {107087E6-F7B5-44DE-A95A-A9187607C172}
	EndGlobalSection
EndGlobal
